// !$*UTF8*$!
{
	archiveVersion = 1;
	classes = {
	};
	objectVersion = 46;
	objects = {

/* Begin PBXBuildFile section */
		C800AAE8166E77B20027E1E5 /* NSString+Sha1.m in Sources */ = {isa = PBXBuildFile; fileRef = C800AAE7166E77B20027E1E5 /* NSString+Sha1.m */; };
		FB237ECE14D5B86100F30AD8 /* UIKit.framework in Frameworks */ = {isa = PBXBuildFile; fileRef = FB237ECD14D5B86100F30AD8 /* UIKit.framework */; };
		FB237ED014D5B86100F30AD8 /* Foundation.framework in Frameworks */ = {isa = PBXBuildFile; fileRef = FB237ECF14D5B86100F30AD8 /* Foundation.framework */; };
		FB237ED214D5B86100F30AD8 /* CoreGraphics.framework in Frameworks */ = {isa = PBXBuildFile; fileRef = FB237ED114D5B86100F30AD8 /* CoreGraphics.framework */; };
		FB237ED814D5B86100F30AD8 /* InfoPlist.strings in Resources */ = {isa = PBXBuildFile; fileRef = FB237ED614D5B86100F30AD8 /* InfoPlist.strings */; };
		FB237EDA14D5B86100F30AD8 /* main.m in Sources */ = {isa = PBXBuildFile; fileRef = FB237ED914D5B86100F30AD8 /* main.m */; };
		FB237EDE14D5B86100F30AD8 /* AppDelegate.m in Sources */ = {isa = PBXBuildFile; fileRef = FB237EDD14D5B86100F30AD8 /* AppDelegate.m */; };
		FB237EE114D5B86100F30AD8 /* ViewController.m in Sources */ = {isa = PBXBuildFile; fileRef = FB237EE014D5B86100F30AD8 /* ViewController.m */; };
		FB237EE414D5B86100F30AD8 /* ViewController.xib in Resources */ = {isa = PBXBuildFile; fileRef = FB237EE214D5B86100F30AD8 /* ViewController.xib */; };
		FB39D07F14D5BB09002A6D19 /* RNCachingURLProtocol.m in Sources */ = {isa = PBXBuildFile; fileRef = FB237EEB14D5B87400F30AD8 /* RNCachingURLProtocol.m */; };
		FB39D08014D5BB09002A6D19 /* Reachability.m in Sources */ = {isa = PBXBuildFile; fileRef = FB237EEC14D5B89700F30AD8 /* Reachability.m */; };
		FB39D08214D5BB1F002A6D19 /* SystemConfiguration.framework in Frameworks */ = {isa = PBXBuildFile; fileRef = FB39D08114D5BB1F002A6D19 /* SystemConfiguration.framework */; };
		FB39D08214D5BB1F002A6D1B /* README.md in Resources */ = {isa = PBXBuildFile; fileRef = FB39D08214D5BB1F002A6D1A /* README.md */; };
/* End PBXBuildFile section */

/* Begin PBXFileReference section */
		C800AAE6166E77B20027E1E5 /* NSString+Sha1.h */ = {isa = PBXFileReference; fileEncoding = 4; lastKnownFileType = sourcecode.c.h; path = "NSString+Sha1.h"; sourceTree = "<group>"; };
		C800AAE7166E77B20027E1E5 /* NSString+Sha1.m */ = {isa = PBXFileReference; fileEncoding = 4; lastKnownFileType = sourcecode.c.objc; path = "NSString+Sha1.m"; sourceTree = "<group>"; };
		FB237EC914D5B86100F30AD8 /* CachedWebView.app */ = {isa = PBXFileReference; explicitFileType = wrapper.application; includeInIndex = 0; path = CachedWebView.app; sourceTree = BUILT_PRODUCTS_DIR; };
		FB237ECD14D5B86100F30AD8 /* UIKit.framework */ = {isa = PBXFileReference; lastKnownFileType = wrapper.framework; name = UIKit.framework; path = System/Library/Frameworks/UIKit.framework; sourceTree = SDKROOT; };
		FB237ECF14D5B86100F30AD8 /* Foundation.framework */ = {isa = PBXFileReference; lastKnownFileType = wrapper.framework; name = Foundation.framework; path = System/Library/Frameworks/Foundation.framework; sourceTree = SDKROOT; };
		FB237ED114D5B86100F30AD8 /* CoreGraphics.framework */ = {isa = PBXFileReference; lastKnownFileType = wrapper.framework; name = CoreGraphics.framework; path = System/Library/Frameworks/CoreGraphics.framework; sourceTree = SDKROOT; };
		FB237ED514D5B86100F30AD8 /* CachedWebView-Info.plist */ = {isa = PBXFileReference; lastKnownFileType = text.plist.xml; path = "CachedWebView-Info.plist"; sourceTree = "<group>"; };
		FB237ED714D5B86100F30AD8 /* en */ = {isa = PBXFileReference; lastKnownFileType = text.plist.strings; name = en; path = en.lproj/InfoPlist.strings; sourceTree = "<group>"; };
		FB237ED914D5B86100F30AD8 /* main.m */ = {isa = PBXFileReference; lastKnownFileType = sourcecode.c.objc; path = main.m; sourceTree = "<group>"; };
		FB237EDB14D5B86100F30AD8 /* CachedWebView-Prefix.pch */ = {isa = PBXFileReference; lastKnownFileType = sourcecode.c.h; path = "CachedWebView-Prefix.pch"; sourceTree = "<group>"; };
		FB237EDC14D5B86100F30AD8 /* AppDelegate.h */ = {isa = PBXFileReference; lastKnownFileType = sourcecode.c.h; path = AppDelegate.h; sourceTree = "<group>"; };
		FB237EDD14D5B86100F30AD8 /* AppDelegate.m */ = {isa = PBXFileReference; lastKnownFileType = sourcecode.c.objc; path = AppDelegate.m; sourceTree = "<group>"; };
		FB237EDF14D5B86100F30AD8 /* ViewController.h */ = {isa = PBXFileReference; lastKnownFileType = sourcecode.c.h; path = ViewController.h; sourceTree = "<group>"; };
		FB237EE014D5B86100F30AD8 /* ViewController.m */ = {isa = PBXFileReference; lastKnownFileType = sourcecode.c.objc; path = ViewController.m; sourceTree = "<group>"; };
		FB237EE314D5B86100F30AD8 /* en */ = {isa = PBXFileReference; lastKnownFileType = file.xib; name = en; path = en.lproj/ViewController.xib; sourceTree = "<group>"; };
		FB237EEA14D5B87400F30AD8 /* RNCachingURLProtocol.h */ = {isa = PBXFileReference; lastKnownFileType = sourcecode.c.h; path = RNCachingURLProtocol.h; sourceTree = "<group>"; };
		FB237EEB14D5B87400F30AD8 /* RNCachingURLProtocol.m */ = {isa = PBXFileReference; lastKnownFileType = sourcecode.c.objc; path = RNCachingURLProtocol.m; sourceTree = "<group>"; };
		FB237EEC14D5B89700F30AD8 /* Reachability.m */ = {isa = PBXFileReference; lastKnownFileType = sourcecode.c.objc; path = Reachability.m; sourceTree = "<group>"; };
		FB237EED14D5B89700F30AD8 /* Reachability.h */ = {isa = PBXFileReference; lastKnownFileType = sourcecode.c.h; path = Reachability.h; sourceTree = "<group>"; };
		FB39D08114D5BB1F002A6D19 /* SystemConfiguration.framework */ = {isa = PBXFileReference; lastKnownFileType = wrapper.framework; name = SystemConfiguration.framework; path = System/Library/Frameworks/SystemConfiguration.framework; sourceTree = SDKROOT; };
		FB39D08214D5BB1F002A6D1A /* README.md */ = {isa = PBXFileReference; lastKnownFileType = file.md; path = README.md; sourceTree = "<group>"; };
/* End PBXFileReference section */

/* Begin PBXFrameworksBuildPhase section */
		FB237EC614D5B86100F30AD8 /* Frameworks */ = {
			isa = PBXFrameworksBuildPhase;
			buildActionMask = 2147483647;
			files = (
				FB39D08214D5BB1F002A6D19 /* SystemConfiguration.framework in Frameworks */,
				FB237ECE14D5B86100F30AD8 /* UIKit.framework in Frameworks */,
				FB237ED014D5B86100F30AD8 /* Foundation.framework in Frameworks */,
				FB237ED214D5B86100F30AD8 /* CoreGraphics.framework in Frameworks */,
			);
			runOnlyForDeploymentPostprocessing = 0;
		};
/* End PBXFrameworksBuildPhase section */

/* Begin PBXGroup section */
		FB237EBE14D5B86100F30AD8 = {
			isa = PBXGroup;
			children = (
				C800AAE6166E77B20027E1E5 /* NSString+Sha1.h */,
				C800AAE7166E77B20027E1E5 /* NSString+Sha1.m */,
				FB39D08214D5BB1F002A6D1A /* README.md */,
				FB237EEA14D5B87400F30AD8 /* RNCachingURLProtocol.h */,
				FB237EEB14D5B87400F30AD8 /* RNCachingURLProtocol.m */,
				FB237EEC14D5B89700F30AD8 /* Reachability.m */,
				FB237EED14D5B89700F30AD8 /* Reachability.h */,
				FB237ED314D5B86100F30AD8 /* CachedWebView */,
				FB237ECC14D5B86100F30AD8 /* Frameworks */,
				FB237ECA14D5B86100F30AD8 /* Products */,
			);
			sourceTree = "<group>";
		};
		FB237ECA14D5B86100F30AD8 /* Products */ = {
			isa = PBXGroup;
			children = (
				FB237EC914D5B86100F30AD8 /* CachedWebView.app */,
			);
			name = Products;
			sourceTree = "<group>";
		};
		FB237ECC14D5B86100F30AD8 /* Frameworks */ = {
			isa = PBXGroup;
			children = (
				FB39D08114D5BB1F002A6D19 /* SystemConfiguration.framework */,
				FB237ECD14D5B86100F30AD8 /* UIKit.framework */,
				FB237ECF14D5B86100F30AD8 /* Foundation.framework */,
				FB237ED114D5B86100F30AD8 /* CoreGraphics.framework */,
			);
			name = Frameworks;
			sourceTree = "<group>";
		};
		FB237ED314D5B86100F30AD8 /* CachedWebView */ = {
			isa = PBXGroup;
			children = (
				FB237EDC14D5B86100F30AD8 /* AppDelegate.h */,
				FB237EDD14D5B86100F30AD8 /* AppDelegate.m */,
				FB237EDF14D5B86100F30AD8 /* ViewController.h */,
				FB237EE014D5B86100F30AD8 /* ViewController.m */,
				FB237EE214D5B86100F30AD8 /* ViewController.xib */,
				FB237ED414D5B86100F30AD8 /* Supporting Files */,
			);
			path = CachedWebView;
			sourceTree = "<group>";
		};
		FB237ED414D5B86100F30AD8 /* Supporting Files */ = {
			isa = PBXGroup;
			children = (
				FB237ED514D5B86100F30AD8 /* CachedWebView-Info.plist */,
				FB237ED614D5B86100F30AD8 /* InfoPlist.strings */,
				FB237ED914D5B86100F30AD8 /* main.m */,
				FB237EDB14D5B86100F30AD8 /* CachedWebView-Prefix.pch */,
			);
			name = "Supporting Files";
			sourceTree = "<group>";
		};
/* End PBXGroup section */

/* Begin PBXNativeTarget section */
		FB237EC814D5B86100F30AD8 /* CachedWebView */ = {
			isa = PBXNativeTarget;
			buildConfigurationList = FB237EE714D5B86100F30AD8 /* Build configuration list for PBXNativeTarget "CachedWebView" */;
			buildPhases = (
				FB237EC514D5B86100F30AD8 /* Sources */,
				FB237EC614D5B86100F30AD8 /* Frameworks */,
				FB237EC714D5B86100F30AD8 /* Resources */,
			);
			buildRules = (
			);
			dependencies = (
			);
			name = CachedWebView;
			productName = CachedWebView;
			productReference = FB237EC914D5B86100F30AD8 /* CachedWebView.app */;
			productType = "com.apple.product-type.application";
		};
/* End PBXNativeTarget section */

/* Begin PBXProject section */
		FB237EC014D5B86100F30AD8 /* Project object */ = {
			isa = PBXProject;
			attributes = {
				LastUpgradeCheck = 0830;
			};
			buildConfigurationList = FB237EC314D5B86100F30AD8 /* Build configuration list for PBXProject "CachedWebView" */;
			compatibilityVersion = "Xcode 3.2";
			developmentRegion = English;
			hasScannedForEncodings = 0;
			knownRegions = (
				en,
			);
			mainGroup = FB237EBE14D5B86100F30AD8;
			productRefGroup = FB237ECA14D5B86100F30AD8 /* Products */;
			projectDirPath = "";
			projectRoot = "";
			targets = (
				FB237EC814D5B86100F30AD8 /* CachedWebView */,
			);
		};
/* End PBXProject section */

/* Begin PBXResourcesBuildPhase section */
		FB237EC714D5B86100F30AD8 /* Resources */ = {
			isa = PBXResourcesBuildPhase;
			buildActionMask = 2147483647;
			files = (
				FB237ED814D5B86100F30AD8 /* InfoPlist.strings in Resources */,
				FB237EE414D5B86100F30AD8 /* ViewController.xib in Resources */,
				FB39D08214D5BB1F002A6D1B /* README.md in Resources */,
			);
			runOnlyForDeploymentPostprocessing = 0;
		};
/* End PBXResourcesBuildPhase section */

/* Begin PBXSourcesBuildPhase section */
		FB237EC514D5B86100F30AD8 /* Sources */ = {
			isa = PBXSourcesBuildPhase;
			buildActionMask = 2147483647;
			files = (
				FB39D07F14D5BB09002A6D19 /* RNCachingURLProtocol.m in Sources */,
				FB39D08014D5BB09002A6D19 /* Reachability.m in Sources */,
				FB237EDA14D5B86100F30AD8 /* main.m in Sources */,
				FB237EDE14D5B86100F30AD8 /* AppDelegate.m in Sources */,
				FB237EE114D5B86100F30AD8 /* ViewController.m in Sources */,
				C800AAE8166E77B20027E1E5 /* NSString+Sha1.m in Sources */,
			);
			runOnlyForDeploymentPostprocessing = 0;
		};
/* End PBXSourcesBuildPhase section */

/* Begin PBXVariantGroup section */
		FB237ED614D5B86100F30AD8 /* InfoPlist.strings */ = {
			isa = PBXVariantGroup;
			children = (
				FB237ED714D5B86100F30AD8 /* en */,
			);
			name = InfoPlist.strings;
			sourceTree = "<group>";
		};
		FB237EE214D5B86100F30AD8 /* ViewController.xib */ = {
			isa = PBXVariantGroup;
			children = (
				FB237EE314D5B86100F30AD8 /* en */,
			);
			name = ViewController.xib;
			sourceTree = "<group>";
		};
/* End PBXVariantGroup section */

/* Begin XCBuildConfiguration section */
		FB237EE514D5B86100F30AD8 /* Debug */ = {
			isa = XCBuildConfiguration;
			buildSettings = {
				ALWAYS_SEARCH_USER_PATHS = NO;
				CLANG_ENABLE_OBJC_ARC = YES;
				CLANG_WARN_BOOL_CONVERSION = YES;
				CLANG_WARN_CONSTANT_CONVERSION = YES;
				CLANG_WARN_EMPTY_BODY = YES;
				CLANG_WARN_ENUM_CONVERSION = YES;
				CLANG_WARN_INFINITE_RECURSION = YES;
				CLANG_WARN_INT_CONVERSION = YES;
				CLANG_WARN_SUSPICIOUS_MOVE = YES;
				CLANG_WARN_UNREACHABLE_CODE = YES;
				CLANG_WARN__DUPLICATE_METHOD_MATCH = YES;
				"CODE_SIGN_IDENTITY[sdk=iphoneos*]" = "iPhone Developer";
				COPY_PHASE_STRIP = NO;
				ENABLE_STRICT_OBJC_MSGSEND = YES;
				ENABLE_TESTABILITY = YES;
				GCC_C_LANGUAGE_STANDARD = gnu99;
				GCC_DYNAMIC_NO_PIC = NO;
				GCC_NO_COMMON_BLOCKS = YES;
				GCC_OPTIMIZATION_LEVEL = 0;
				GCC_PREPROCESSOR_DEFINITIONS = (
					"DEBUG=1",
					"$(inherited)",
				);
				GCC_SYMBOLS_PRIVATE_EXTERN = NO;
				GCC_VERSION = com.apple.compilers.llvm.clang.1_0;
				GCC_WARN_64_TO_32_BIT_CONVERSION = YES;
				GCC_WARN_ABOUT_RETURN_TYPE = YES;
				GCC_WARN_UNDECLARED_SELECTOR = YES;
				GCC_WARN_UNINITIALIZED_AUTOS = YES;
				GCC_WARN_UNUSED_FUNCTION = YES;
				GCC_WARN_UNUSED_VARIABLE = YES;
				IPHONEOS_DEPLOYMENT_TARGET = 8.0;
				ONLY_ACTIVE_ARCH = YES;
				SDKROOT = iphoneos;
				TARGETED_DEVICE_FAMILY = 2;
			};
			name = Debug;
		};
		FB237EE614D5B86100F30AD8 /* Release */ = {
			isa = XCBuildConfiguration;
			buildSettings = {
				ALWAYS_SEARCH_USER_PATHS = NO;
				CLANG_ENABLE_OBJC_ARC = YES;
				CLANG_WARN_BOOL_CONVERSION = YES;
				CLANG_WARN_CONSTANT_CONVERSION = YES;
				CLANG_WARN_EMPTY_BODY = YES;
				CLANG_WARN_ENUM_CONVERSION = YES;
				CLANG_WARN_INFINITE_RECURSION = YES;
				CLANG_WARN_INT_CONVERSION = YES;
				CLANG_WARN_SUSPICIOUS_MOVE = YES;
				CLANG_WARN_UNREACHABLE_CODE = YES;
				CLANG_WARN__DUPLICATE_METHOD_MATCH = YES;
				"CODE_SIGN_IDENTITY[sdk=iphoneos*]" = "iPhone Developer";
				COPY_PHASE_STRIP = YES;
				ENABLE_STRICT_OBJC_MSGSEND = YES;
				GCC_C_LANGUAGE_STANDARD = gnu99;
				GCC_NO_COMMON_BLOCKS = YES;
				GCC_VERSION = com.apple.compilers.llvm.clang.1_0;
				GCC_WARN_64_TO_32_BIT_CONVERSION = YES;
				GCC_WARN_ABOUT_RETURN_TYPE = YES;
				GCC_WARN_UNDECLARED_SELECTOR = YES;
				GCC_WARN_UNINITIALIZED_AUTOS = YES;
				GCC_WARN_UNUSED_FUNCTION = YES;
				GCC_WARN_UNUSED_VARIABLE = YES;
				IPHONEOS_DEPLOYMENT_TARGET = 8.0;
				OTHER_CFLAGS = "-DNS_BLOCK_ASSERTIONS=1";
				SDKROOT = iphoneos;
				TARGETED_DEVICE_FAMILY = 2;
				VALIDATE_PRODUCT = YES;
			};
			name = Release;
		};
		FB237EE814D5B86100F30AD8 /* Debug */ = {
			isa = XCBuildConfiguration;
			buildSettings = {
				GCC_PRECOMPILE_PREFIX_HEADER = YES;
				GCC_PREFIX_HEADER = "CachedWebView/CachedWebView-Prefix.pch";
				INFOPLIST_FILE = "CachedWebView/CachedWebView-Info.plist";
				PRODUCT_BUNDLE_IDENTIFIER = "net.robnapier.${PRODUCT_NAME:rfc1034identifier}";
				PRODUCT_NAME = "$(TARGET_NAME)";
				WRAPPER_EXTENSION = app;
			};
			name = Debug;
		};
		FB237EE914D5B86100F30AD8 /* Release */ = {
			isa = XCBuildConfiguration;
			buildSettings = {
				GCC_PRECOMPILE_PREFIX_HEADER = YES;
				GCC_PREFIX_HEADER = "CachedWebView/CachedWebView-Prefix.pch";
				INFOPLIST_FILE = "CachedWebView/CachedWebView-Info.plist";
				PRODUCT_BUNDLE_IDENTIFIER = "net.robnapier.${PRODUCT_NAME:rfc1034identifier}";
				PRODUCT_NAME = "$(TARGET_NAME)";
				WRAPPER_EXTENSION = app;
			};
			name = Release;
		};
/* End XCBuildConfiguration section */

/* Begin XCConfigurationList section */
		FB237EC314D5B86100F30AD8 /* Build configuration list for PBXProject "CachedWebView" */ = {
			isa = XCConfigurationList;
			buildConfigurations = (
				FB237EE514D5B86100F30AD8 /* Debug */,
				FB237EE614D5B86100F30AD8 /* Release */,
			);
			defaultConfigurationIsVisible = 0;
			defaultConfigurationName = Release;
		};
		FB237EE714D5B86100F30AD8 /* Build configuration list for PBXNativeTarget "CachedWebView" */ = {
			isa = XCConfigurationList;
			buildConfigurations = (
				FB237EE814D5B86100F30AD8 /* Debug */,
				FB237EE914D5B86100F30AD8 /* Release */,
			);
			defaultConfigurationIsVisible = 0;
			defaultConfigurationName = Release;
		};
/* End XCConfigurationList section */
	};
	rootObject = FB237EC014D5B86100F30AD8 /* Project object */;
}
